// !$*UTF8*$!
{
	archiveVersion = 1;
	classes = {
	};
	objectVersion = 46;
	objects = {

/* Begin PBXBuildFile section */
		849921901600F4FC00CCDF3B /* USBInjectAll.cpp in Sources */ = {isa = PBXBuildFile; fileRef = 8499218E1600F4FC00CCDF3B /* USBInjectAll.cpp */; };
		849921911600F4FC00CCDF3B /* USBInjectAll.h in Headers */ = {isa = PBXBuildFile; fileRef = 8499218F1600F4FC00CCDF3B /* USBInjectAll.h */; };
		EDF7E2D9218A289A00A059C3 /* strstr.cpp in Sources */ = {isa = PBXBuildFile; fileRef = 84B173A51BD6BEF200FF8553 /* strstr.cpp */; };
/* End PBXBuildFile section */

/* Begin PBXFileReference section */
		0C4B237E14598AD20080D960 /* USBInjectAll.kext */ = {isa = PBXFileReference; explicitFileType = wrapper.cfbundle; includeInIndex = 0; path = USBInjectAll.kext; sourceTree = BUILT_PRODUCTS_DIR; };
		0C4B238214598AD20080D960 /* Kernel.framework */ = {isa = PBXFileReference; lastKnownFileType = wrapper.framework; name = Kernel.framework; path = System/Library/Frameworks/Kernel.framework; sourceTree = SDKROOT; };
		0C4B238514598AD20080D960 /* USBInjectAll-Info.plist */ = {isa = PBXFileReference; lastKnownFileType = text.plist.xml; name = "USBInjectAll-Info.plist"; path = "USBInjectAll/USBInjectAll-Info.plist"; sourceTree = "<group>"; };
		0C4B238D14598AD20080D960 /* USBInjectAll-Prefix.pch */ = {isa = PBXFileReference; lastKnownFileType = sourcecode.c.h; lineEnding = 0; path = "USBInjectAll-Prefix.pch"; sourceTree = "<group>"; xcLanguageSpecificationIdentifier = xcode.lang.objc; };
		842548D51BD613B90021F757 /* README.md */ = {isa = PBXFileReference; fileEncoding = 4; lastKnownFileType = net.daringfireball.markdown; path = README.md; sourceTree = "<group>"; };
		844778DD16E7FD2100B27895 /* makefile */ = {isa = PBXFileReference; lastKnownFileType = sourcecode.make; lineEnding = 0; path = makefile; sourceTree = SOURCE_ROOT; usesTabs = 1; };
		8499218E1600F4FC00CCDF3B /* USBInjectAll.cpp */ = {isa = PBXFileReference; fileEncoding = 4; lastKnownFileType = sourcecode.cpp.cpp; lineEnding = 0; path = USBInjectAll.cpp; sourceTree = "<group>"; xcLanguageSpecificationIdentifier = xcode.lang.cpp; };
		8499218F1600F4FC00CCDF3B /* USBInjectAll.h */ = {isa = PBXFileReference; fileEncoding = 4; lastKnownFileType = sourcecode.c.h; lineEnding = 0; path = USBInjectAll.h; sourceTree = "<group>"; xcLanguageSpecificationIdentifier = xcode.lang.objcpp; };
		84B173A51BD6BEF200FF8553 /* strstr.cpp */ = {isa = PBXFileReference; fileEncoding = 4; lastKnownFileType = sourcecode.cpp.cpp; path = strstr.cpp; sourceTree = "<group>"; };
		84C4CE421BD5EC37003BC8FE /* generate_Info_plist.sh */ = {isa = PBXFileReference; fileEncoding = 4; lastKnownFileType = text.script.sh; path = generate_Info_plist.sh; sourceTree = "<group>"; };
		84C4CE431BD5EC37003BC8FE /* USBInjectAll_model_template.plist */ = {isa = PBXFileReference; fileEncoding = 4; lastKnownFileType = text.plist.xml; path = USBInjectAll_model_template.plist; sourceTree = "<group>"; };
		84C4CE441BD5EC37003BC8FE /* USBInjectAll_template-Info.plist */ = {isa = PBXFileReference; fileEncoding = 4; lastKnownFileType = text.plist.xml; path = "USBInjectAll_template-Info.plist"; sourceTree = "<group>"; };
		84CACFB11BD6D37E00B41FBF /* SSDT-UIAC.dsl */ = {isa = PBXFileReference; fileEncoding = 4; lastKnownFileType = text; path = "SSDT-UIAC.dsl"; sourceTree = "<group>"; };
		ED0AD3E11BD725DC00B36B4B /* config_patches.plist */ = {isa = PBXFileReference; fileEncoding = 4; lastKnownFileType = text.plist.xml; path = config_patches.plist; sourceTree = "<group>"; };
		ED36B7881BD74CBA0020DE23 /* SSDT-XOSI.dsl */ = {isa = PBXFileReference; fileEncoding = 4; lastKnownFileType = text; path = "SSDT-XOSI.dsl"; sourceTree = "<group>"; };
		ED5E980621939BE8006D6218 /* USBInjectAll_model_template_EHCI.plist */ = {isa = PBXFileReference; fileEncoding = 4; lastKnownFileType = text.plist.xml; path = USBInjectAll_model_template_EHCI.plist; sourceTree = "<group>"; };
		ED8AAA3E1CB5E5B1000C0B38 /* SSDT-UIAC-ALL.dsl */ = {isa = PBXFileReference; fileEncoding = 4; lastKnownFileType = text; path = "SSDT-UIAC-ALL.dsl"; sourceTree = "<group>"; };
		ED9CDF7A2174B738001EE843 /* Info.plist */ = {isa = PBXFileReference; lastKnownFileType = text.plist.xml; name = Info.plist; path = "XHCI-unsupported.kext/Contents/Info.plist"; sourceTree = "<group>"; };
/* End PBXFileReference section */

/* Begin PBXFrameworksBuildPhase section */
		0C4B237914598AD20080D960 /* Frameworks */ = {
			isa = PBXFrameworksBuildPhase;
			buildActionMask = 2147483647;
			files = (
			);
			runOnlyForDeploymentPostprocessing = 0;
		};
/* End PBXFrameworksBuildPhase section */

/* Begin PBXGroup section */
		0C4B237114598AD10080D960 = {
			isa = PBXGroup;
			children = (
				ED0AD3E11BD725DC00B36B4B /* config_patches.plist */,
				842548D51BD613B90021F757 /* README.md */,
				ED36B7881BD74CBA0020DE23 /* SSDT-XOSI.dsl */,
				84CACFB11BD6D37E00B41FBF /* SSDT-UIAC.dsl */,
				ED8AAA3E1CB5E5B1000C0B38 /* SSDT-UIAC-ALL.dsl */,
				844778DD16E7FD2100B27895 /* makefile */,
				84B173A51BD6BEF200FF8553 /* strstr.cpp */,
				84C4CE491BD5EF14003BC8FE /* Info.plist Generation */,
				0C4B238314598AD20080D960 /* USBInjectAll */,
				ED9CDF792174B704001EE843 /* XHCI-unsupported.kext */,
				0C4B238014598AD20080D960 /* Frameworks */,
				0C4B237F14598AD20080D960 /* Products */,
			);
			sourceTree = "<group>";
		};
		0C4B237F14598AD20080D960 /* Products */ = {
			isa = PBXGroup;
			children = (
				0C4B237E14598AD20080D960 /* USBInjectAll.kext */,
			);
			name = Products;
			sourceTree = "<group>";
		};
		0C4B238014598AD20080D960 /* Frameworks */ = {
			isa = PBXGroup;
			children = (
				0C4B238114598AD20080D960 /* Other Frameworks */,
			);
			name = Frameworks;
			sourceTree = "<group>";
		};
		0C4B238114598AD20080D960 /* Other Frameworks */ = {
			isa = PBXGroup;
			children = (
				0C4B238214598AD20080D960 /* Kernel.framework */,
			);
			name = "Other Frameworks";
			sourceTree = "<group>";
		};
		0C4B238314598AD20080D960 /* USBInjectAll */ = {
			isa = PBXGroup;
			children = (
				8499218F1600F4FC00CCDF3B /* USBInjectAll.h */,
				8499218E1600F4FC00CCDF3B /* USBInjectAll.cpp */,
				84C4CE481BD5ED0E003BC8FE /* Generated Files */,
				0C4B238414598AD20080D960 /* Supporting Files */,
			);
			path = USBInjectAll;
			sourceTree = "<group>";
		};
		0C4B238414598AD20080D960 /* Supporting Files */ = {
			isa = PBXGroup;
			children = (
				0C4B238D14598AD20080D960 /* USBInjectAll-Prefix.pch */,
			);
			name = "Supporting Files";
			sourceTree = "<group>";
		};
		84C4CE481BD5ED0E003BC8FE /* Generated Files */ = {
			isa = PBXGroup;
			children = (
				0C4B238514598AD20080D960 /* USBInjectAll-Info.plist */,
			);
			name = "Generated Files";
			path = ..;
			sourceTree = "<group>";
		};
		84C4CE491BD5EF14003BC8FE /* Info.plist Generation */ = {
			isa = PBXGroup;
			children = (
				84C4CE421BD5EC37003BC8FE /* generate_Info_plist.sh */,
				84C4CE441BD5EC37003BC8FE /* USBInjectAll_template-Info.plist */,
				84C4CE431BD5EC37003BC8FE /* USBInjectAll_model_template.plist */,
				ED5E980621939BE8006D6218 /* USBInjectAll_model_template_EHCI.plist */,
			);
			name = "Info.plist Generation";
			sourceTree = "<group>";
		};
		ED9CDF792174B704001EE843 /* XHCI-unsupported.kext */ = {
			isa = PBXGroup;
			children = (
				ED9CDF7A2174B738001EE843 /* Info.plist */,
			);
			name = "XHCI-unsupported.kext";
			sourceTree = "<group>";
		};
/* End PBXGroup section */

/* Begin PBXHeadersBuildPhase section */
		0C4B237A14598AD20080D960 /* Headers */ = {
			isa = PBXHeadersBuildPhase;
			buildActionMask = 2147483647;
			files = (
				849921911600F4FC00CCDF3B /* USBInjectAll.h in Headers */,
			);
			runOnlyForDeploymentPostprocessing = 0;
		};
/* End PBXHeadersBuildPhase section */

/* Begin PBXLegacyTarget section */
		84D9F2A91BD60EA9003FC186 /* PreBuild */ = {
			isa = PBXLegacyTarget;
			buildArgumentsString = "$(ACTION)";
			buildConfigurationList = 84D9F2AC1BD60EA9003FC186 /* Build configuration list for PBXLegacyTarget "PreBuild" */;
			buildPhases = (
			);
			buildToolPath = ./generate_Info_plist.sh;
			buildWorkingDirectory = "";
			dependencies = (
			);
			name = PreBuild;
			passBuildSettingsInEnvironment = 0;
			productName = "USBInjectAll PreBuild";
		};
/* End PBXLegacyTarget section */

/* Begin PBXNativeTarget section */
		0C4B237D14598AD20080D960 /* USBInjectAll */ = {
			isa = PBXNativeTarget;
			buildConfigurationList = 0C4B239014598AD20080D960 /* Build configuration list for PBXNativeTarget "USBInjectAll" */;
			buildPhases = (
				0C4B237814598AD20080D960 /* Sources */,
				0C4B237914598AD20080D960 /* Frameworks */,
				0C4B237A14598AD20080D960 /* Headers */,
				0C4B237B14598AD20080D960 /* Resources */,
				0C4B237C14598AD20080D960 /* Rez */,
			);
			buildRules = (
			);
			dependencies = (
			);
			name = USBInjectAll;
			productName = USBInjectAll;
			productReference = 0C4B237E14598AD20080D960 /* USBInjectAll.kext */;
			productType = "com.apple.product-type.kernel-extension";
		};
/* End PBXNativeTarget section */

/* Begin PBXProject section */
		0C4B237314598AD10080D960 /* Project object */ = {
			isa = PBXProject;
			attributes = {
				LastUpgradeCheck = 0460;
				TargetAttributes = {
					84D9F2A91BD60EA9003FC186 = {
						CreatedOnToolsVersion = 7.0.1;
					};
				};
			};
			buildConfigurationList = 0C4B237614598AD10080D960 /* Build configuration list for PBXProject "USBInjectAll" */;
			compatibilityVersion = "Xcode 3.2";
			developmentRegion = English;
			hasScannedForEncodings = 0;
			knownRegions = (
				en,
			);
			mainGroup = 0C4B237114598AD10080D960;
			productRefGroup = 0C4B237F14598AD20080D960 /* Products */;
			projectDirPath = "";
			projectRoot = "";
			targets = (
				84D9F2A91BD60EA9003FC186 /* PreBuild */,
				0C4B237D14598AD20080D960 /* USBInjectAll */,
			);
		};
/* End PBXProject section */

/* Begin PBXResourcesBuildPhase section */
		0C4B237B14598AD20080D960 /* Resources */ = {
			isa = PBXResourcesBuildPhase;
			buildActionMask = 2147483647;
			files = (
			);
			runOnlyForDeploymentPostprocessing = 0;
		};
/* End PBXResourcesBuildPhase section */

/* Begin PBXRezBuildPhase section */
		0C4B237C14598AD20080D960 /* Rez */ = {
			isa = PBXRezBuildPhase;
			buildActionMask = 2147483647;
			files = (
			);
			runOnlyForDeploymentPostprocessing = 0;
		};
/* End PBXRezBuildPhase section */

/* Begin PBXSourcesBuildPhase section */
		0C4B237814598AD20080D960 /* Sources */ = {
			isa = PBXSourcesBuildPhase;
			buildActionMask = 2147483647;
			files = (
				849921901600F4FC00CCDF3B /* USBInjectAll.cpp in Sources */,
				EDF7E2D9218A289A00A059C3 /* strstr.cpp in Sources */,
			);
			runOnlyForDeploymentPostprocessing = 0;
		};
/* End PBXSourcesBuildPhase section */

/* Begin XCBuildConfiguration section */
		0C4B238E14598AD20080D960 /* Debug */ = {
			isa = XCBuildConfiguration;
			buildSettings = {
				ALWAYS_SEARCH_USER_PATHS = NO;
				ARCHS = "$(ARCHS_STANDARD_64_BIT)";
				DEBUG_INFORMATION_FORMAT = "dwarf-with-dsym";
				DEPLOYMENT_POSTPROCESSING = YES;
				GCC_INLINES_ARE_PRIVATE_EXTERN = YES;
				GCC_PREPROCESSOR_DEFINITIONS = (
					"DEBUG=1",
					"DEBUG_MSG=1",
					"LOGNAME=\\\"${LOGNAME}\\\"",
					"$(inherited)",
				);
				GCC_SYMBOLS_PRIVATE_EXTERN = YES;
				GCC_WARN_64_TO_32_BIT_CONVERSION = YES;
				GCC_WARN_ABOUT_MISSING_PROTOTYPES = YES;
				GCC_WARN_ABOUT_RETURN_TYPE = YES;
				GCC_WARN_UNUSED_VARIABLE = YES;
				LLVM_LTO = NO;
				"LLVM_LTO[arch=x86_64]" = YES;
				MACOSX_DEPLOYMENT_TARGET = 10.11;
				MODULE_VERSION = 0.7.1;
				OTHER_CFLAGS = "-fno-stack-protector";
				"OTHER_LDFLAGS[arch=x86_64]" = "-dead_strip";
				SDKROOT = macosx10.11;
				STRIP_STYLE = "non-global";
				SYMROOT = build/Products;
			};
			name = Debug;
		};
		0C4B238F14598AD20080D960 /* Release */ = {
			isa = XCBuildConfiguration;
			buildSettings = {
				ALWAYS_SEARCH_USER_PATHS = NO;
				ARCHS = "$(ARCHS_STANDARD_64_BIT)";
				DEBUG_INFORMATION_FORMAT = "dwarf-with-dsym";
				DEPLOYMENT_POSTPROCESSING = YES;
				GCC_INLINES_ARE_PRIVATE_EXTERN = YES;
				GCC_PREPROCESSOR_DEFINITIONS = "LOGNAME=\\\"${LOGNAME}\\\"";
				GCC_SYMBOLS_PRIVATE_EXTERN = YES;
				GCC_WARN_64_TO_32_BIT_CONVERSION = YES;
				GCC_WARN_ABOUT_MISSING_PROTOTYPES = YES;
				GCC_WARN_ABOUT_RETURN_TYPE = YES;
				GCC_WARN_UNUSED_VARIABLE = YES;
				LLVM_LTO = NO;
				"LLVM_LTO[arch=x86_64]" = YES;
				MACOSX_DEPLOYMENT_TARGET = 10.11;
				MODULE_VERSION = 0.7.1;
				OTHER_CFLAGS = "-fno-stack-protector";
				"OTHER_LDFLAGS[arch=x86_64]" = "-dead_strip";
				SDKROOT = macosx10.11;
				STRIP_STYLE = "non-global";
				SYMROOT = build/Products;
			};
			name = Release;
		};
		0C4B239114598AD20080D960 /* Debug */ = {
			isa = XCBuildConfiguration;
			buildSettings = {
				COMBINE_HIDPI_IMAGES = YES;
				GCC_PRECOMPILE_PREFIX_HEADER = YES;
				GCC_PREFIX_HEADER = "USBInjectAll/USBInjectAll-Prefix.pch";
				INFOPLIST_FILE = "USBInjectAll/USBInjectAll-Info.plist";
				MODULE_NAME = com.rehabman.driver.USBInjectAll;
				PRODUCT_NAME = USBInjectAll;
				STRIP_INSTALLED_PRODUCT = YES;
			};
			name = Debug;
		};
		0C4B239214598AD20080D960 /* Release */ = {
			isa = XCBuildConfiguration;
			buildSettings = {
				COMBINE_HIDPI_IMAGES = YES;
				GCC_PRECOMPILE_PREFIX_HEADER = YES;
				GCC_PREFIX_HEADER = "USBInjectAll/USBInjectAll-Prefix.pch";
				INFOPLIST_FILE = "USBInjectAll/USBInjectAll-Info.plist";
				MODULE_NAME = com.rehabman.driver.USBInjectAll;
				PRODUCT_NAME = USBInjectAll;
				STRIP_INSTALLED_PRODUCT = YES;
			};
			name = Release;
		};
		84D9F2AA1BD60EA9003FC186 /* Debug */ = {
			isa = XCBuildConfiguration;
			buildSettings = {
				CLANG_CXX_LANGUAGE_STANDARD = "gnu++0x";
				CLANG_CXX_LIBRARY = "libc++";
				CLANG_ENABLE_MODULES = YES;
				CLANG_ENABLE_OBJC_ARC = no;
				CLANG_WARN_BOOL_CONVERSION = YES;
				CLANG_WARN_CONSTANT_CONVERSION = YES;
				CLANG_WARN_DIRECT_OBJC_ISA_USAGE = YES_ERROR;
				CLANG_WARN_EMPTY_BODY = YES;
				CLANG_WARN_ENUM_CONVERSION = YES;
				CLANG_WARN_INT_CONVERSION = YES;
				CLANG_WARN_OBJC_ROOT_CLASS = YES_ERROR;
				CLANG_WARN_UNREACHABLE_CODE = YES;
				CLANG_WARN__DUPLICATE_METHOD_MATCH = YES;
				COPY_PHASE_STRIP = NO;
				DEBUGGING_SYMBOLS = YES;
				DEBUG_INFORMATION_FORMAT = dwarf;
				ENABLE_STRICT_OBJC_MSGSEND = YES;
				ENABLE_TESTABILITY = YES;
				GCC_C_LANGUAGE_STANDARD = gnu99;
				GCC_DYNAMIC_NO_PIC = NO;
				GCC_GENERATE_DEBUGGING_SYMBOLS = YES;
				GCC_NO_COMMON_BLOCKS = YES;
				GCC_OPTIMIZATION_LEVEL = 0;
				GCC_PREPROCESSOR_DEFINITIONS = (
					"DEBUG=1",
					"$(inherited)",
				);
				GCC_WARN_ABOUT_RETURN_TYPE = YES_ERROR;
				GCC_WARN_UNDECLARED_SELECTOR = YES;
				GCC_WARN_UNINITIALIZED_AUTOS = YES_AGGRESSIVE;
				GCC_WARN_UNUSED_FUNCTION = YES;
				MTL_ENABLE_DEBUG_INFO = YES;
				ONLY_ACTIVE_ARCH = YES;
				OTHER_CFLAGS = "";
				OTHER_LDFLAGS = "";
				PRODUCT_NAME = "$(TARGET_NAME)";
			};
			name = Debug;
		};
		84D9F2AB1BD60EA9003FC186 /* Release */ = {
			isa = XCBuildConfiguration;
			buildSettings = {
				CLANG_CXX_LANGUAGE_STANDARD = "gnu++0x";
				CLANG_CXX_LIBRARY = "libc++";
				CLANG_ENABLE_MODULES = YES;
				CLANG_ENABLE_OBJC_ARC = no;
				CLANG_WARN_BOOL_CONVERSION = YES;
				CLANG_WARN_CONSTANT_CONVERSION = YES;
				CLANG_WARN_DIRECT_OBJC_ISA_USAGE = YES_ERROR;
				CLANG_WARN_EMPTY_BODY = YES;
				CLANG_WARN_ENUM_CONVERSION = YES;
				CLANG_WARN_INT_CONVERSION = YES;
				CLANG_WARN_OBJC_ROOT_CLASS = YES_ERROR;
				CLANG_WARN_UNREACHABLE_CODE = YES;
				CLANG_WARN__DUPLICATE_METHOD_MATCH = YES;
				COPY_PHASE_STRIP = NO;
				DEBUG_INFORMATION_FORMAT = "dwarf-with-dsym";
				ENABLE_NS_ASSERTIONS = NO;
				ENABLE_STRICT_OBJC_MSGSEND = YES;
				GCC_C_LANGUAGE_STANDARD = gnu99;
				GCC_NO_COMMON_BLOCKS = YES;
				GCC_WARN_ABOUT_RETURN_TYPE = YES_ERROR;
				GCC_WARN_UNDECLARED_SELECTOR = YES;
				GCC_WARN_UNINITIALIZED_AUTOS = YES_AGGRESSIVE;
				GCC_WARN_UNUSED_FUNCTION = YES;
				MTL_ENABLE_DEBUG_INFO = NO;
				OTHER_CFLAGS = "";
				OTHER_LDFLAGS = "";
				PRODUCT_NAME = "$(TARGET_NAME)";
			};
			name = Release;
		};
/* End XCBuildConfiguration section */

/* Begin XCConfigurationList section */
		0C4B237614598AD10080D960 /* Build configuration list for PBXProject "USBInjectAll" */ = {
			isa = XCConfigurationList;
			buildConfigurations = (
				0C4B238E14598AD20080D960 /* Debug */,
				0C4B238F14598AD20080D960 /* Release */,
			);
			defaultConfigurationIsVisible = 0;
			defaultConfigurationName = Release;
		};
		0C4B239014598AD20080D960 /* Build configuration list for PBXNativeTarget "USBInjectAll" */ = {
			isa = XCConfigurationList;
			buildConfigurations = (
				0C4B239114598AD20080D960 /* Debug */,
				0C4B239214598AD20080D960 /* Release */,
			);
			defaultConfigurationIsVisible = 0;
			defaultConfigurationName = Release;
		};
		84D9F2AC1BD60EA9003FC186 /* Build configuration list for PBXLegacyTarget "PreBuild" */ = {
			isa = XCConfigurationList;
			buildConfigurations = (
				84D9F2AA1BD60EA9003FC186 /* Debug */,
				84D9F2AB1BD60EA9003FC186 /* Release */,
			);
			defaultConfigurationIsVisible = 0;
			defaultConfigurationName = Release;
		};
/* End XCConfigurationList section */
	};
	rootObject = 0C4B237314598AD10080D960 /* Project object */;
}
